
Microsoft Visual Studio Solution File, Format Version 12.00
# Visual Studio Version 17
VisualStudioVersion = 17.12.35707.178 d17.12
MinimumVisualStudioVersion = 10.0.40219.1
Project("{FAE04EC0-301F-11D3-BF4B-00C04F79EFBC}") = "codefirstentityframeworkdemo", "codefirstentityframeworkdemo\codefirstentityframeworkdemo.csproj", "{A1D29B13-EAED-484B-99F6-FDB1C3BDE1E9}"
EndProject
Project("{FAE04EC0-301F-11D3-BF4B-00C04F79EFBC}") = "SecureAppDemo", "SecureAppDemo\SecureAppDemo.csproj", "{F4E92299-F03E-4E9C-899A-49A997E365A2}"
EndProject
Global
	GlobalSection(SolutionConfigurationPlatforms) = preSolution
		Debug|Any CPU = Debug|Any CPU
		Release|Any CPU = Release|Any CPU
	EndGlobalSection
	GlobalSection(ProjectConfigurationPlatforms) = postSolution
		{A1D29B13-EAED-484B-99F6-FDB1C3BDE1E9}.Debug|Any CPU.ActiveCfg = Debug|Any CPU
		{A1D29B13-EAED-484B-99F6-FDB1C3BDE1E9}.Debug|Any CPU.Build.0 = Debug|Any CPU
		{A1D29B13-EAED-484B-99F6-FDB1C3BDE1E9}.Release|Any CPU.ActiveCfg = Release|Any CPU
		{A1D29B13-EAED-484B-99F6-FDB1C3BDE1E9}.Release|Any CPU.Build.0 = Release|Any CPU
		{F4E92299-F03E-4E9C-899A-49A997E365A2}.Debug|Any CPU.ActiveCfg = Debug|Any CPU
		{F4E92299-F03E-4E9C-899A-49A997E365A2}.Debug|Any CPU.Build.0 = Debug|Any CPU
		{F4E92299-F03E-4E9C-899A-49A997E365A2}.Release|Any CPU.ActiveCfg = Release|Any CPU
		{F4E92299-F03E-4E9C-899A-49A997E365A2}.Release|Any CPU.Build.0 = Release|Any CPU
	EndGlobalSection
	GlobalSection(SolutionProperties) = preSolution
		HideSolutionNode = FALSE
	EndGlobalSection
EndGlobal
