
Microsoft Visual Studio Solution File, Format Version 12.00
# Visual Studio Version 17
VisualStudioVersion = 17.12.35707.178 d17.12
MinimumVisualStudioVersion = 10.0.40219.1
Project("{FAE04EC0-301F-11D3-BF4B-00C04F79EFBC}") = "TagHelperdemo1", "TagHelperdemo1\TagHelperdemo1.csproj", "{C707F21C-4D7D-4E81-B030-2D9FA19F07FC}"
EndProject
Project("{FAE04EC0-301F-11D3-BF4B-00C04F79EFBC}") = "TagHelperDemo2", "TagHelperDemo2\TagHelperDemo2.csproj", "{349690B9-E18A-43B8-ACDB-37BD378CF6EA}"
EndProject
Project("{FAE04EC0-301F-11D3-BF4B-00C04F79EFBC}") = "CRUDusingModel", "CRUDusingModel\CRUDusingModel.csproj", "{CC0FC997-740E-4E07-8C85-1E18BEF44584}"
EndProject
Global
	GlobalSection(SolutionConfigurationPlatforms) = preSolution
		Debug|Any CPU = Debug|Any CPU
		Release|Any CPU = Release|Any CPU
	EndGlobalSection
	GlobalSection(ProjectConfigurationPlatforms) = postSolution
		{C707F21C-4D7D-4E81-B030-2D9FA19F07FC}.Debug|Any CPU.ActiveCfg = Debug|Any CPU
		{C707F21C-4D7D-4E81-B030-2D9FA19F07FC}.Debug|Any CPU.Build.0 = Debug|Any CPU
		{C707F21C-4D7D-4E81-B030-2D9FA19F07FC}.Release|Any CPU.ActiveCfg = Release|Any CPU
		{C707F21C-4D7D-4E81-B030-2D9FA19F07FC}.Release|Any CPU.Build.0 = Release|Any CPU
		{349690B9-E18A-43B8-ACDB-37BD378CF6EA}.Debug|Any CPU.ActiveCfg = Debug|Any CPU
		{349690B9-E18A-43B8-ACDB-37BD378CF6EA}.Debug|Any CPU.Build.0 = Debug|Any CPU
		{349690B9-E18A-43B8-ACDB-37BD378CF6EA}.Release|Any CPU.ActiveCfg = Release|Any CPU
		{349690B9-E18A-43B8-ACDB-37BD378CF6EA}.Release|Any CPU.Build.0 = Release|Any CPU
		{CC0FC997-740E-4E07-8C85-1E18BEF44584}.Debug|Any CPU.ActiveCfg = Debug|Any CPU
		{CC0FC997-740E-4E07-8C85-1E18BEF44584}.Debug|Any CPU.Build.0 = Debug|Any CPU
		{CC0FC997-740E-4E07-8C85-1E18BEF44584}.Release|Any CPU.ActiveCfg = Release|Any CPU
		{CC0FC997-740E-4E07-8C85-1E18BEF44584}.Release|Any CPU.Build.0 = Release|Any CPU
	EndGlobalSection
	GlobalSection(SolutionProperties) = preSolution
		HideSolutionNode = FALSE
	EndGlobalSection
EndGlobal
