
Microsoft Visual Studio Solution File, Format Version 12.00
# Visual Studio Version 17
VisualStudioVersion = 17.12.35707.178
MinimumVisualStudioVersion = 10.0.40219.1
Project("{FAE04EC0-301F-11D3-BF4B-00C04F79EFBC}") = "Ado.netDemo1", "Ado.netDemo1\Ado.netDemo1.csproj", "{EA8E896B-BA1B-42B9-A565-D5A79B2C04D4}"
EndProject
Project("{FAE04EC0-301F-11D3-BF4B-00C04F79EFBC}") = "datasetdemo1", "datasetdemo1\datasetdemo1.csproj", "{0BA1A9C2-1216-463F-9326-B958C6A3C4F3}"
EndProject
Project("{FAE04EC0-301F-11D3-BF4B-00C04F79EFBC}") = "navigatingtabledemo", "navigatingtabledemo\navigatingtabledemo.csproj", "{EC17D2B4-2D70-4188-BE11-808B5E69DAB4}"
EndProject
Global
	GlobalSection(SolutionConfigurationPlatforms) = preSolution
		Debug|Any CPU = Debug|Any CPU
		Release|Any CPU = Release|Any CPU
	EndGlobalSection
	GlobalSection(ProjectConfigurationPlatforms) = postSolution
		{EA8E896B-BA1B-42B9-A565-D5A79B2C04D4}.Debug|Any CPU.ActiveCfg = Debug|Any CPU
		{EA8E896B-BA1B-42B9-A565-D5A79B2C04D4}.Debug|Any CPU.Build.0 = Debug|Any CPU
		{EA8E896B-BA1B-42B9-A565-D5A79B2C04D4}.Release|Any CPU.ActiveCfg = Release|Any CPU
		{EA8E896B-BA1B-42B9-A565-D5A79B2C04D4}.Release|Any CPU.Build.0 = Release|Any CPU
		{0BA1A9C2-1216-463F-9326-B958C6A3C4F3}.Debug|Any CPU.ActiveCfg = Debug|Any CPU
		{0BA1A9C2-1216-463F-9326-B958C6A3C4F3}.Debug|Any CPU.Build.0 = Debug|Any CPU
		{0BA1A9C2-1216-463F-9326-B958C6A3C4F3}.Release|Any CPU.ActiveCfg = Release|Any CPU
		{0BA1A9C2-1216-463F-9326-B958C6A3C4F3}.Release|Any CPU.Build.0 = Release|Any CPU
		{EC17D2B4-2D70-4188-BE11-808B5E69DAB4}.Debug|Any CPU.ActiveCfg = Debug|Any CPU
		{EC17D2B4-2D70-4188-BE11-808B5E69DAB4}.Debug|Any CPU.Build.0 = Debug|Any CPU
		{EC17D2B4-2D70-4188-BE11-808B5E69DAB4}.Release|Any CPU.ActiveCfg = Release|Any CPU
		{EC17D2B4-2D70-4188-BE11-808B5E69DAB4}.Release|Any CPU.Build.0 = Release|Any CPU
	EndGlobalSection
	GlobalSection(SolutionProperties) = preSolution
		HideSolutionNode = FALSE
	EndGlobalSection
EndGlobal
